
Microsoft Visual Studio Solution File, Format Version 12.00
# Visual Studio 15
VisualStudioVersion = 15.0.26430.15
MinimumVisualStudioVersion = 10.0.40219.1
Project("{9A19103F-16F7-4668-BE54-9A1E7A4F7556}") = "DataStructureCollection", "DataStructureCollection\DataStructureCollection.csproj", "{29DC0727-384B-439A-BEDE-E02F6CEB9DE3}"
EndProject
Project("{FAE04EC0-301F-11D3-BF4B-00C04F79EFBC}") = "DataStructureCollectionUWP", "DataStructureCollectionUWP\DataStructureCollectionUWP.csproj", "{F8271968-D9E4-4A55-916E-F1A5569E2DB7}"
EndProject
Project("{FAE04EC0-301F-11D3-BF4B-00C04F79EFBC}") = "FourLetters", "FourLetters\FourLetters.csproj", "{9307E096-3397-45C3-B2DD-6442FE8062F1}"
EndProject
Global
	GlobalSection(SolutionConfigurationPlatforms) = preSolution
		Debug|Any CPU = Debug|Any CPU
		Debug|ARM = Debug|ARM
		Debug|x64 = Debug|x64
		Debug|x86 = Debug|x86
		Release|Any CPU = Release|Any CPU
		Release|ARM = Release|ARM
		Release|x64 = Release|x64
		Release|x86 = Release|x86
	EndGlobalSection
	GlobalSection(ProjectConfigurationPlatforms) = postSolution
		{29DC0727-384B-439A-BEDE-E02F6CEB9DE3}.Debug|Any CPU.ActiveCfg = Debug|Any CPU
		{29DC0727-384B-439A-BEDE-E02F6CEB9DE3}.Debug|Any CPU.Build.0 = Debug|Any CPU
		{29DC0727-384B-439A-BEDE-E02F6CEB9DE3}.Debug|ARM.ActiveCfg = Debug|Any CPU
		{29DC0727-384B-439A-BEDE-E02F6CEB9DE3}.Debug|ARM.Build.0 = Debug|Any CPU
		{29DC0727-384B-439A-BEDE-E02F6CEB9DE3}.Debug|x64.ActiveCfg = Debug|Any CPU
		{29DC0727-384B-439A-BEDE-E02F6CEB9DE3}.Debug|x64.Build.0 = Debug|Any CPU
		{29DC0727-384B-439A-BEDE-E02F6CEB9DE3}.Debug|x86.ActiveCfg = Debug|Any CPU
		{29DC0727-384B-439A-BEDE-E02F6CEB9DE3}.Debug|x86.Build.0 = Debug|Any CPU
		{29DC0727-384B-439A-BEDE-E02F6CEB9DE3}.Release|Any CPU.ActiveCfg = Release|Any CPU
		{29DC0727-384B-439A-BEDE-E02F6CEB9DE3}.Release|Any CPU.Build.0 = Release|Any CPU
		{29DC0727-384B-439A-BEDE-E02F6CEB9DE3}.Release|ARM.ActiveCfg = Release|Any CPU
		{29DC0727-384B-439A-BEDE-E02F6CEB9DE3}.Release|ARM.Build.0 = Release|Any CPU
		{29DC0727-384B-439A-BEDE-E02F6CEB9DE3}.Release|x64.ActiveCfg = Release|Any CPU
		{29DC0727-384B-439A-BEDE-E02F6CEB9DE3}.Release|x64.Build.0 = Release|Any CPU
		{29DC0727-384B-439A-BEDE-E02F6CEB9DE3}.Release|x86.ActiveCfg = Release|Any CPU
		{29DC0727-384B-439A-BEDE-E02F6CEB9DE3}.Release|x86.Build.0 = Release|Any CPU
		{F8271968-D9E4-4A55-916E-F1A5569E2DB7}.Debug|Any CPU.ActiveCfg = Debug|Any CPU
		{F8271968-D9E4-4A55-916E-F1A5569E2DB7}.Debug|Any CPU.Build.0 = Debug|Any CPU
		{F8271968-D9E4-4A55-916E-F1A5569E2DB7}.Debug|ARM.ActiveCfg = Debug|ARM
		{F8271968-D9E4-4A55-916E-F1A5569E2DB7}.Debug|ARM.Build.0 = Debug|ARM
		{F8271968-D9E4-4A55-916E-F1A5569E2DB7}.Debug|x64.ActiveCfg = Debug|x64
		{F8271968-D9E4-4A55-916E-F1A5569E2DB7}.Debug|x64.Build.0 = Debug|x64
		{F8271968-D9E4-4A55-916E-F1A5569E2DB7}.Debug|x86.ActiveCfg = Debug|x86
		{F8271968-D9E4-4A55-916E-F1A5569E2DB7}.Debug|x86.Build.0 = Debug|x86
		{F8271968-D9E4-4A55-916E-F1A5569E2DB7}.Release|Any CPU.ActiveCfg = Release|Any CPU
		{F8271968-D9E4-4A55-916E-F1A5569E2DB7}.Release|Any CPU.Build.0 = Release|Any CPU
		{F8271968-D9E4-4A55-916E-F1A5569E2DB7}.Release|ARM.ActiveCfg = Release|ARM
		{F8271968-D9E4-4A55-916E-F1A5569E2DB7}.Release|ARM.Build.0 = Release|ARM
		{F8271968-D9E4-4A55-916E-F1A5569E2DB7}.Release|x64.ActiveCfg = Release|x64
		{F8271968-D9E4-4A55-916E-F1A5569E2DB7}.Release|x64.Build.0 = Release|x64
		{F8271968-D9E4-4A55-916E-F1A5569E2DB7}.Release|x86.ActiveCfg = Release|x86
		{F8271968-D9E4-4A55-916E-F1A5569E2DB7}.Release|x86.Build.0 = Release|x86
		{9307E096-3397-45C3-B2DD-6442FE8062F1}.Debug|Any CPU.ActiveCfg = Debug|x86
		{9307E096-3397-45C3-B2DD-6442FE8062F1}.Debug|ARM.ActiveCfg = Debug|ARM
		{9307E096-3397-45C3-B2DD-6442FE8062F1}.Debug|ARM.Build.0 = Debug|ARM
		{9307E096-3397-45C3-B2DD-6442FE8062F1}.Debug|ARM.Deploy.0 = Debug|ARM
		{9307E096-3397-45C3-B2DD-6442FE8062F1}.Debug|x64.ActiveCfg = Debug|x64
		{9307E096-3397-45C3-B2DD-6442FE8062F1}.Debug|x64.Build.0 = Debug|x64
		{9307E096-3397-45C3-B2DD-6442FE8062F1}.Debug|x64.Deploy.0 = Debug|x64
		{9307E096-3397-45C3-B2DD-6442FE8062F1}.Debug|x86.ActiveCfg = Debug|x86
		{9307E096-3397-45C3-B2DD-6442FE8062F1}.Debug|x86.Build.0 = Debug|x86
		{9307E096-3397-45C3-B2DD-6442FE8062F1}.Debug|x86.Deploy.0 = Debug|x86
		{9307E096-3397-45C3-B2DD-6442FE8062F1}.Release|Any CPU.ActiveCfg = Release|x86
		{9307E096-3397-45C3-B2DD-6442FE8062F1}.Release|ARM.ActiveCfg = Release|ARM
		{9307E096-3397-45C3-B2DD-6442FE8062F1}.Release|ARM.Build.0 = Release|ARM
		{9307E096-3397-45C3-B2DD-6442FE8062F1}.Release|ARM.Deploy.0 = Release|ARM
		{9307E096-3397-45C3-B2DD-6442FE8062F1}.Release|x64.ActiveCfg = Release|x64
		{9307E096-3397-45C3-B2DD-6442FE8062F1}.Release|x64.Build.0 = Release|x64
		{9307E096-3397-45C3-B2DD-6442FE8062F1}.Release|x64.Deploy.0 = Release|x64
		{9307E096-3397-45C3-B2DD-6442FE8062F1}.Release|x86.ActiveCfg = Release|x86
		{9307E096-3397-45C3-B2DD-6442FE8062F1}.Release|x86.Build.0 = Release|x86
		{9307E096-3397-45C3-B2DD-6442FE8062F1}.Release|x86.Deploy.0 = Release|x86
	EndGlobalSection
	GlobalSection(SolutionProperties) = preSolution
		HideSolutionNode = FALSE
	EndGlobalSection
EndGlobal
